{
  "name": "smart-news",
  "version": "0.0.0",
  "lockfileVersion": 1,
  "requires": true,
  "dependencies": {
    "ng2-ckeditor": {
      "version": "1.1.13",
      "resolved": "https://registry.npmjs.org/ng2-ckeditor/-/ng2-ckeditor-1.1.13.tgz",
      "integrity": "sha512-hOECJiTlIJYdhWAo/jYbOm6NSUR38PTSJJHDDSpYzfb3k22ilTyJUEv8u9GxdGNwJsQuANvYTslCpabES0Ea0A=="
    }
  }
}
